
Microsoft Visual Studio Solution File, Format Version 12.00
Project("{F2A71F9B-5D33-465A-A702-920D77279786}") = "AoC2021", "AoC2021.fsproj", "{819B4175-3D2D-4B72-AD4A-8AB65D7743EC}"
EndProject
Global
	GlobalSection(SolutionConfigurationPlatforms) = preSolution
		Debug|Any CPU = Debug|Any CPU
		Release|Any CPU = Release|Any CPU
	EndGlobalSection
	GlobalSection(ProjectConfigurationPlatforms) = postSolution
		{819B4175-3D2D-4B72-AD4A-8AB65D7743EC}.Debug|Any CPU.ActiveCfg = Debug|Any CPU
		{819B4175-3D2D-4B72-AD4A-8AB65D7743EC}.Debug|Any CPU.Build.0 = Debug|Any CPU
		{819B4175-3D2D-4B72-AD4A-8AB65D7743EC}.Release|Any CPU.ActiveCfg = Release|Any CPU
		{819B4175-3D2D-4B72-AD4A-8AB65D7743EC}.Release|Any CPU.Build.0 = Release|Any CPU
	EndGlobalSection
EndGlobal
